<?xml version="1.0" encoding="utf-8"?>
<Project ToolsVersion="4.0" xmlns="http://schemas.microsoft.com/developer/msbuild/2003">
  <ItemGroup>
    <ClCompile Include="renderbmp.c" />
    <ClCompile Include="smiley.c" />
    <ClCompile Include="demo_mipmap_triangle.c" />
    <ClCompile Include="demos.c" />
  </ItemGroup>
  <ItemGroup>
    <ClInclude Include="smiley.h" />
    <ClInclude Include="opengl_es2_headers.h" />
  </ItemGroup>
</Project>