<?xml version="1.0" encoding="utf-8"?>
<Project ToolsVersion="4.0" xmlns="http://schemas.microsoft.com/developer/msbuild/2003">
  <ItemGroup>
    <ClCompile Include="..\src\pp\pp_tokens.c">
      <Filter>pp</Filter>
    </ClCompile>
    <ClCompile Include="..\src\pp\pp_macro_table.c">
      <Filter>pp</Filter>
    </ClCompile>
    <ClCompile Include="..\src\pp\pp.c">
      <Filter>pp</Filter>
    </ClCompile>
    <ClCompile Include="..\src\pp\situs.c">
      <Filter>pp</Filter>
    </ClCompile>
    <ClCompile Include="..\src\pp\scan_helpers.c">
      <Filter>pp</Filter>
    </ClCompile>
    <ClCompile Include="..\src\pp\pp_input_file.c">
      <Filter>pp</Filter>
    </ClCompile>
    <ClCompile Include="..\src\gl_es2_impl.c" />
    <ClCompile Include="..\src\glsl_es1_compiler.c" />
    <ClCompile Include="..\src\glsl_es1_tokens.c" />
    <ClCompile Include="..\src\fragment_buffer.c" />
    <ClCompile Include="..\src\rasterizer.c" />
    <ClCompile Include="..\src\clipping_stage.c" />
    <ClCompile Include="..\src\viewport_transformation.c" />
    <ClCompile Include="..\src\primitive_assembly.c" />
    <ClCompile Include="..\src\attrib_set.c" />
    <ClCompile Include="..\src\blend.c" />
    <ClCompile Include="..\src\sym_table.c" />
    <ClCompile Include="..\src\sl_types.c" />
    <ClCompile Include="..\src\sl_expr_temp.c" />
    <ClCompile Include="..\src\sl_expr.c" />
    <ClCompile Include="..\src\sl_frame.c" />
    <ClCompile Include="..\src\pp\diags.c">
      <Filter>pp</Filter>
    </ClCompile>
    <ClCompile Include="..\src\glsl_es1_assist.c" />
    <ClCompile Include="..\src\sl_stmt.c" />
    <ClCompile Include="..\src\sl_execution.c" />
    <ClCompile Include="..\src\sl_reg_alloc.c" />
    <ClCompile Include="..\src\ref_range_allocator.c" />
    <ClCompile Include="..\src\sl_compilation_unit.c" />
    <ClCompile Include="..\src\builtins.c" />
    <ClCompile Include="..\src\sl_shader.c" />
    <ClCompile Include="..\src\sl_info_log.c" />
    <ClCompile Include="..\src\sl_program.c" />
    <ClCompile Include="..\src\attrib_binding_table.c" />
    <ClCompile Include="..\src\perspective_division.c" />
  </ItemGroup>
  <ItemGroup>
    <Filter Include="pp">
      <UniqueIdentifier>{06e896e1-d1e6-46fc-a092-2227b078c09c}</UniqueIdentifier>
    </Filter>
  </ItemGroup>
  <ItemGroup>
    <ClInclude Include="..\src\pp\pp_tokens.h">
      <Filter>pp</Filter>
    </ClInclude>
    <ClInclude Include="..\src\pp\pp.h">
      <Filter>pp</Filter>
    </ClInclude>
    <ClInclude Include="..\src\pp\pp_macro_table.h">
      <Filter>pp</Filter>
    </ClInclude>
    <ClInclude Include="..\src\pp\situs.h">
      <Filter>pp</Filter>
    </ClInclude>
    <ClInclude Include="..\src\pp\scan_helpers.h">
      <Filter>pp</Filter>
    </ClInclude>
    <ClInclude Include="..\src\pp\pp_input_file.h">
      <Filter>pp</Filter>
    </ClInclude>
    <ClInclude Include="..\src\gl_es2_impl.h" />
    <ClInclude Include="..\src\glsl_es1_compiler.h" />
    <ClInclude Include="..\src\glsl_es1_tokens.h" />
    <ClInclude Include="..\src\fragment_buffer.h" />
    <ClInclude Include="..\src\rasterizer.h" />
    <ClInclude Include="..\src\clipping_stage.h" />
    <ClInclude Include="..\src\viewport_transformation.h" />
    <ClInclude Include="..\src\primitive_assembly.h" />
    <ClInclude Include="..\src\attrib_set.h" />
    <ClInclude Include="..\src\blend.h" />
    <ClInclude Include="..\src\sym_table.h" />
    <ClInclude Include="..\src\sl_types.h" />
    <ClInclude Include="..\src\sl_expr_temp.h" />
    <ClInclude Include="..\src\sl_expr.h" />
    <ClInclude Include="..\src\sl_frame.h" />
    <ClInclude Include="..\src\pp\diags.h">
      <Filter>pp</Filter>
    </ClInclude>
    <ClInclude Include="..\src\glsl_es1_assist.h" />
    <ClInclude Include="..\src\sl_stmt.h" />
    <ClInclude Include="..\src\sl_execution.h" />
    <ClInclude Include="..\src\sl_binop_snippet_inc.h" />
    <ClInclude Include="..\src\sl_reg_alloc.h" />
    <ClInclude Include="..\src\ref_range_allocator.h" />
    <ClInclude Include="..\src\sl_compilation_unit.h" />
    <ClInclude Include="..\src\sl_unop_snippet_inc.h" />
    <ClInclude Include="..\src\builtins_binding_inc.h" />
    <ClInclude Include="..\src\builtins.h" />
    <ClInclude Include="..\src\sl_shader.h" />
    <ClInclude Include="..\src\sl_defs.h" />
    <ClInclude Include="..\src\sl_info_log.h" />
    <ClInclude Include="..\src\sl_program.h" />
    <ClInclude Include="..\src\attrib_binding_table.h" />
    <ClInclude Include="..\src\perspective_division.h" />
  </ItemGroup>
  <ItemGroup>
    <CustomBuild Include="..\src\pp\pp_tokenizer.cbrt">
      <Filter>pp</Filter>
    </CustomBuild>
    <CustomBuild Include="..\src\pp\pp_const_expr.cbrt">
      <Filter>pp</Filter>
    </CustomBuild>
    <CustomBuild Include="..\src\pp\pp_line_continuations.cbrt">
      <Filter>pp</Filter>
    </CustomBuild>
    <CustomBuild Include="..\src\pp\pp_line_directives.cbrt">
      <Filter>pp</Filter>
    </CustomBuild>
    <CustomBuild Include="..\src\pp\pp_macro_expander.cbrt">
      <Filter>pp</Filter>
    </CustomBuild>
    <CustomBuild Include="..\src\pp\pp_trigraphs.cbrt">
      <Filter>pp</Filter>
    </CustomBuild>
    <CustomBuild Include="..\src\glsl_es_1.cbrt" />
  </ItemGroup>
</Project>